
Microsoft Visual Studio Solution File, Format Version 12.00
# Visual Studio Version 17
VisualStudioVersion = 17.10.35013.160
MinimumVisualStudioVersion = 10.0.40219.1
Project("{FAE04EC0-301F-11D3-BF4B-00C04F79EFBC}") = "playground", "playground\playground.csproj", "{12E01BC2-8B2B-4C57-A93D-FB53B1DEB072}"
EndProject
Global
	GlobalSection(SolutionConfigurationPlatforms) = preSolution
		Debug|Any CPU = Debug|Any CPU
		Release|Any CPU = Release|Any CPU
	EndGlobalSection
	GlobalSection(ProjectConfigurationPlatforms) = postSolution
		{12E01BC2-8B2B-4C57-A93D-FB53B1DEB072}.Debug|Any CPU.ActiveCfg = Debug|Any CPU
		{12E01BC2-8B2B-4C57-A93D-FB53B1DEB072}.Debug|Any CPU.Build.0 = Debug|Any CPU
		{12E01BC2-8B2B-4C57-A93D-FB53B1DEB072}.Release|Any CPU.ActiveCfg = Release|Any CPU
		{12E01BC2-8B2B-4C57-A93D-FB53B1DEB072}.Release|Any CPU.Build.0 = Release|Any CPU
	EndGlobalSection
	GlobalSection(SolutionProperties) = preSolution
		HideSolutionNode = FALSE
	EndGlobalSection
	GlobalSection(ExtensibilityGlobals) = postSolution
		SolutionGuid = {A301932E-DB32-4F8D-A20D-16ECB13C6B91}
	EndGlobalSection
EndGlobal
